// !$*UTF8*$!
{
	archiveVersion = 1;
	classes = {
	};
	objectVersion = 46;
	objects = {

/* Begin PBXBuildFile section */
		1A22184F1E8F2E7300D693FB /* CommandPatterDescription.rtfd in Resources */ = {isa = PBXBuildFile; fileRef = 1A22184E1E8F2E7300D693FB /* CommandPatterDescription.rtfd */; };
		1A2218531E8F39A000D693FB /* umlNote.rtfd in Resources */ = {isa = PBXBuildFile; fileRef = 1A2218521E8F39A000D693FB /* umlNote.rtfd */; };
		1A5B72361E80FBCA006B7FEC /* main.m in Sources */ = {isa = PBXBuildFile; fileRef = 1A5B72351E80FBCA006B7FEC /* main.m */; };
		1A5B72391E80FBCA006B7FEC /* AppDelegate.m in Sources */ = {isa = PBXBuildFile; fileRef = 1A5B72381E80FBCA006B7FEC /* AppDelegate.m */; };
		1A5B723C1E80FBCA006B7FEC /* ViewController.m in Sources */ = {isa = PBXBuildFile; fileRef = 1A5B723B1E80FBCA006B7FEC /* ViewController.m */; };
		1A5B723F1E80FBCA006B7FEC /* Main.storyboard in Resources */ = {isa = PBXBuildFile; fileRef = 1A5B723D1E80FBCA006B7FEC /* Main.storyboard */; };
		1A5B72411E80FBCA006B7FEC /* Assets.xcassets in Resources */ = {isa = PBXBuildFile; fileRef = 1A5B72401E80FBCA006B7FEC /* Assets.xcassets */; };
		1A5B72441E80FBCA006B7FEC /* LaunchScreen.storyboard in Resources */ = {isa = PBXBuildFile; fileRef = 1A5B72421E80FBCA006B7FEC /* LaunchScreen.storyboard */; };
		1A5B72511E810195006B7FEC /* CommandPatternContainerViewController.m in Sources */ = {isa = PBXBuildFile; fileRef = 1A5B72501E810195006B7FEC /* CommandPatternContainerViewController.m */; };
		1A5B72541E8103D7006B7FEC /* Receiver.m in Sources */ = {isa = PBXBuildFile; fileRef = 1A5B72531E8103D7006B7FEC /* Receiver.m */; };
		1A5B72571E810B48006B7FEC /* AddLightCommand.m in Sources */ = {isa = PBXBuildFile; fileRef = 1A5B72561E810B48006B7FEC /* AddLightCommand.m */; };
		1A5B725A1E810B5A006B7FEC /* MinusLightCommand.m in Sources */ = {isa = PBXBuildFile; fileRef = 1A5B72591E810B5A006B7FEC /* MinusLightCommand.m */; };
		1A5B72611E8115B5006B7FEC /* Invocker.m in Sources */ = {isa = PBXBuildFile; fileRef = 1A5B72601E8115B5006B7FEC /* Invocker.m */; };
		1AB697751E8FB3FB009273D5 /* ChuanqiCarFactory.m in Sources */ = {isa = PBXBuildFile; fileRef = 1AB6975F1E8FB3FB009273D5 /* ChuanqiCarFactory.m */; };
		1AB697761E8FB3FB009273D5 /* ChuanqiChassis.m in Sources */ = {isa = PBXBuildFile; fileRef = 1AB697611E8FB3FB009273D5 /* ChuanqiChassis.m */; };
		1AB697771E8FB3FB009273D5 /* ChuanqiChassisFactory.m in Sources */ = {isa = PBXBuildFile; fileRef = 1AB697631E8FB3FB009273D5 /* ChuanqiChassisFactory.m */; };
		1AB697781E8FB3FB009273D5 /* ChuanqiTyreFactory.m in Sources */ = {isa = PBXBuildFile; fileRef = 1AB697651E8FB3FB009273D5 /* ChuanqiTyreFactory.m */; };
		1AB697791E8FB3FB009273D5 /* MaPaiTyre.m in Sources */ = {isa = PBXBuildFile; fileRef = 1AB697671E8FB3FB009273D5 /* MaPaiTyre.m */; };
		1AB6977A1E8FB3FB009273D5 /* factoryPattern.rtfd in Resources */ = {isa = PBXBuildFile; fileRef = 1AB697691E8FB3FB009273D5 /* factoryPattern.rtfd */; };
		1AB6977B1E8FB3FB009273D5 /* HavalCarFactory.m in Sources */ = {isa = PBXBuildFile; fileRef = 1AB6976C1E8FB3FB009273D5 /* HavalCarFactory.m */; };
		1AB6977C1E8FB3FB009273D5 /* HavalChassis.m in Sources */ = {isa = PBXBuildFile; fileRef = 1AB6976E1E8FB3FB009273D5 /* HavalChassis.m */; };
		1AB6977D1E8FB3FB009273D5 /* HavalChassisFactory.m in Sources */ = {isa = PBXBuildFile; fileRef = 1AB697701E8FB3FB009273D5 /* HavalChassisFactory.m */; };
		1AB6977E1E8FB3FB009273D5 /* MiQilLinTyre.m in Sources */ = {isa = PBXBuildFile; fileRef = 1AB697721E8FB3FB009273D5 /* MiQilLinTyre.m */; };
		1AB6977F1E8FB3FB009273D5 /* MiQilLinTyreFactory.m in Sources */ = {isa = PBXBuildFile; fileRef = 1AB697741E8FB3FB009273D5 /* MiQilLinTyreFactory.m */; };
		1AB697821E8FB439009273D5 /* FactoryPatternViewController.m in Sources */ = {isa = PBXBuildFile; fileRef = 1AB697811E8FB439009273D5 /* FactoryPatternViewController.m */; };
		3A2B21D71E934AC200FF8B74 /* protoctypeDescrition.rtfd in Resources */ = {isa = PBXBuildFile; fileRef = 3A2B21D61E934AC200FF8B74 /* protoctypeDescrition.rtfd */; };
		3A2B21DA1E9350CC00FF8B74 /* PrototypePatternViewController.m in Sources */ = {isa = PBXBuildFile; fileRef = 3A2B21D91E9350CC00FF8B74 /* PrototypePatternViewController.m */; };
		3A2B21E01E93520800FF8B74 /* EmailObj.m in Sources */ = {isa = PBXBuildFile; fileRef = 3A2B21DF1E93520800FF8B74 /* EmailObj.m */; };
		3A2B21E31E93525800FF8B74 /* EmailAttachment.m in Sources */ = {isa = PBXBuildFile; fileRef = 3A2B21E21E93525800FF8B74 /* EmailAttachment.m */; };
/* End PBXBuildFile section */

/* Begin PBXFileReference section */
		1A22184E1E8F2E7300D693FB /* CommandPatterDescription.rtfd */ = {isa = PBXFileReference; lastKnownFileType = wrapper.rtfd; path = CommandPatterDescription.rtfd; sourceTree = "<group>"; };
		1A2218521E8F39A000D693FB /* umlNote.rtfd */ = {isa = PBXFileReference; fileEncoding = 4; lastKnownFileType = wrapper.rtfd; path = umlNote.rtfd; sourceTree = "<group>"; };
		1A5B72311E80FBCA006B7FEC /* DesignMode.app */ = {isa = PBXFileReference; explicitFileType = wrapper.application; includeInIndex = 0; path = DesignMode.app; sourceTree = BUILT_PRODUCTS_DIR; };
		1A5B72351E80FBCA006B7FEC /* main.m */ = {isa = PBXFileReference; lastKnownFileType = sourcecode.c.objc; path = main.m; sourceTree = "<group>"; };
		1A5B72371E80FBCA006B7FEC /* AppDelegate.h */ = {isa = PBXFileReference; lastKnownFileType = sourcecode.c.h; path = AppDelegate.h; sourceTree = "<group>"; };
		1A5B72381E80FBCA006B7FEC /* AppDelegate.m */ = {isa = PBXFileReference; lastKnownFileType = sourcecode.c.objc; path = AppDelegate.m; sourceTree = "<group>"; };
		1A5B723A1E80FBCA006B7FEC /* ViewController.h */ = {isa = PBXFileReference; lastKnownFileType = sourcecode.c.h; path = ViewController.h; sourceTree = "<group>"; };
		1A5B723B1E80FBCA006B7FEC /* ViewController.m */ = {isa = PBXFileReference; lastKnownFileType = sourcecode.c.objc; path = ViewController.m; sourceTree = "<group>"; };
		1A5B723E1E80FBCA006B7FEC /* Base */ = {isa = PBXFileReference; lastKnownFileType = file.storyboard; name = Base; path = Base.lproj/Main.storyboard; sourceTree = "<group>"; };
		1A5B72401E80FBCA006B7FEC /* Assets.xcassets */ = {isa = PBXFileReference; lastKnownFileType = folder.assetcatalog; path = Assets.xcassets; sourceTree = "<group>"; };
		1A5B72431E80FBCA006B7FEC /* Base */ = {isa = PBXFileReference; lastKnownFileType = file.storyboard; name = Base; path = Base.lproj/LaunchScreen.storyboard; sourceTree = "<group>"; };
		1A5B72451E80FBCA006B7FEC /* Info.plist */ = {isa = PBXFileReference; lastKnownFileType = text.plist.xml; path = Info.plist; sourceTree = "<group>"; };
		1A5B724F1E810195006B7FEC /* CommandPatternContainerViewController.h */ = {isa = PBXFileReference; fileEncoding = 4; lastKnownFileType = sourcecode.c.h; path = CommandPatternContainerViewController.h; sourceTree = "<group>"; };
		1A5B72501E810195006B7FEC /* CommandPatternContainerViewController.m */ = {isa = PBXFileReference; fileEncoding = 4; lastKnownFileType = sourcecode.c.objc; path = CommandPatternContainerViewController.m; sourceTree = "<group>"; };
		1A5B72521E8103D7006B7FEC /* Receiver.h */ = {isa = PBXFileReference; fileEncoding = 4; lastKnownFileType = sourcecode.c.h; name = Receiver.h; path = DesignMode/CommandPattern/Receiver.h; sourceTree = SOURCE_ROOT; };
		1A5B72531E8103D7006B7FEC /* Receiver.m */ = {isa = PBXFileReference; fileEncoding = 4; lastKnownFileType = sourcecode.c.objc; name = Receiver.m; path = DesignMode/CommandPattern/Receiver.m; sourceTree = SOURCE_ROOT; };
		1A5B72551E810B48006B7FEC /* AddLightCommand.h */ = {isa = PBXFileReference; fileEncoding = 4; lastKnownFileType = sourcecode.c.h; name = AddLightCommand.h; path = ../AddLightCommand.h; sourceTree = "<group>"; };
		1A5B72561E810B48006B7FEC /* AddLightCommand.m */ = {isa = PBXFileReference; fileEncoding = 4; lastKnownFileType = sourcecode.c.objc; name = AddLightCommand.m; path = ../AddLightCommand.m; sourceTree = "<group>"; };
		1A5B72581E810B5A006B7FEC /* MinusLightCommand.h */ = {isa = PBXFileReference; fileEncoding = 4; lastKnownFileType = sourcecode.c.h; name = MinusLightCommand.h; path = ../MinusLightCommand.h; sourceTree = "<group>"; };
		1A5B72591E810B5A006B7FEC /* MinusLightCommand.m */ = {isa = PBXFileReference; fileEncoding = 4; lastKnownFileType = sourcecode.c.objc; name = MinusLightCommand.m; path = ../MinusLightCommand.m; sourceTree = "<group>"; };
		1A5B725B1E810EEC006B7FEC /* CommandProtocol.h */ = {isa = PBXFileReference; fileEncoding = 4; lastKnownFileType = sourcecode.c.h; name = CommandProtocol.h; path = DesignMode/CommandPattern/CommandProtocol.h; sourceTree = SOURCE_ROOT; };
		1A5B725F1E8115B5006B7FEC /* Invocker.h */ = {isa = PBXFileReference; fileEncoding = 4; lastKnownFileType = sourcecode.c.h; path = Invocker.h; sourceTree = "<group>"; };
		1A5B72601E8115B5006B7FEC /* Invocker.m */ = {isa = PBXFileReference; fileEncoding = 4; lastKnownFileType = sourcecode.c.objc; path = Invocker.m; sourceTree = "<group>"; };
		1AB697581E8FB3FB009273D5 /* CarFactoryProtocol.h */ = {isa = PBXFileReference; fileEncoding = 4; lastKnownFileType = sourcecode.c.h; path = CarFactoryProtocol.h; sourceTree = "<group>"; };
		1AB697591E8FB3FB009273D5 /* ChassisFactoryProtocol.h */ = {isa = PBXFileReference; fileEncoding = 4; lastKnownFileType = sourcecode.c.h; path = ChassisFactoryProtocol.h; sourceTree = "<group>"; };
		1AB6975A1E8FB3FB009273D5 /* ChassisProtocol.h */ = {isa = PBXFileReference; fileEncoding = 4; lastKnownFileType = sourcecode.c.h; path = ChassisProtocol.h; sourceTree = "<group>"; };
		1AB6975B1E8FB3FB009273D5 /* TyreFactoryProtocol.h */ = {isa = PBXFileReference; fileEncoding = 4; lastKnownFileType = sourcecode.c.h; path = TyreFactoryProtocol.h; sourceTree = "<group>"; };
		1AB6975C1E8FB3FB009273D5 /* TyreProtocol.h */ = {isa = PBXFileReference; fileEncoding = 4; lastKnownFileType = sourcecode.c.h; path = TyreProtocol.h; sourceTree = "<group>"; };
		1AB6975E1E8FB3FB009273D5 /* ChuanqiCarFactory.h */ = {isa = PBXFileReference; fileEncoding = 4; lastKnownFileType = sourcecode.c.h; path = ChuanqiCarFactory.h; sourceTree = "<group>"; };
		1AB6975F1E8FB3FB009273D5 /* ChuanqiCarFactory.m */ = {isa = PBXFileReference; fileEncoding = 4; lastKnownFileType = sourcecode.c.objc; path = ChuanqiCarFactory.m; sourceTree = "<group>"; };
		1AB697601E8FB3FB009273D5 /* ChuanqiChassis.h */ = {isa = PBXFileReference; fileEncoding = 4; lastKnownFileType = sourcecode.c.h; path = ChuanqiChassis.h; sourceTree = "<group>"; };
		1AB697611E8FB3FB009273D5 /* ChuanqiChassis.m */ = {isa = PBXFileReference; fileEncoding = 4; lastKnownFileType = sourcecode.c.objc; path = ChuanqiChassis.m; sourceTree = "<group>"; };
		1AB697621E8FB3FB009273D5 /* ChuanqiChassisFactory.h */ = {isa = PBXFileReference; fileEncoding = 4; lastKnownFileType = sourcecode.c.h; path = ChuanqiChassisFactory.h; sourceTree = "<group>"; };
		1AB697631E8FB3FB009273D5 /* ChuanqiChassisFactory.m */ = {isa = PBXFileReference; fileEncoding = 4; lastKnownFileType = sourcecode.c.objc; path = ChuanqiChassisFactory.m; sourceTree = "<group>"; };
		1AB697641E8FB3FB009273D5 /* ChuanqiTyreFactory.h */ = {isa = PBXFileReference; fileEncoding = 4; lastKnownFileType = sourcecode.c.h; path = ChuanqiTyreFactory.h; sourceTree = "<group>"; };
		1AB697651E8FB3FB009273D5 /* ChuanqiTyreFactory.m */ = {isa = PBXFileReference; fileEncoding = 4; lastKnownFileType = sourcecode.c.objc; path = ChuanqiTyreFactory.m; sourceTree = "<group>"; };
		1AB697661E8FB3FB009273D5 /* MaPaiTyre.h */ = {isa = PBXFileReference; fileEncoding = 4; lastKnownFileType = sourcecode.c.h; path = MaPaiTyre.h; sourceTree = "<group>"; };
		1AB697671E8FB3FB009273D5 /* MaPaiTyre.m */ = {isa = PBXFileReference; fileEncoding = 4; lastKnownFileType = sourcecode.c.objc; path = MaPaiTyre.m; sourceTree = "<group>"; };
		1AB697691E8FB3FB009273D5 /* factoryPattern.rtfd */ = {isa = PBXFileReference; lastKnownFileType = wrapper.rtfd; path = factoryPattern.rtfd; sourceTree = "<group>"; };
		1AB6976B1E8FB3FB009273D5 /* HavalCarFactory.h */ = {isa = PBXFileReference; fileEncoding = 4; lastKnownFileType = sourcecode.c.h; path = HavalCarFactory.h; sourceTree = "<group>"; };
		1AB6976C1E8FB3FB009273D5 /* HavalCarFactory.m */ = {isa = PBXFileReference; fileEncoding = 4; lastKnownFileType = sourcecode.c.objc; path = HavalCarFactory.m; sourceTree = "<group>"; };
		1AB6976D1E8FB3FB009273D5 /* HavalChassis.h */ = {isa = PBXFileReference; fileEncoding = 4; lastKnownFileType = sourcecode.c.h; path = HavalChassis.h; sourceTree = "<group>"; };
		1AB6976E1E8FB3FB009273D5 /* HavalChassis.m */ = {isa = PBXFileReference; fileEncoding = 4; lastKnownFileType = sourcecode.c.objc; path = HavalChassis.m; sourceTree = "<group>"; };
		1AB6976F1E8FB3FB009273D5 /* HavalChassisFactory.h */ = {isa = PBXFileReference; fileEncoding = 4; lastKnownFileType = sourcecode.c.h; path = HavalChassisFactory.h; sourceTree = "<group>"; };
		1AB697701E8FB3FB009273D5 /* HavalChassisFactory.m */ = {isa = PBXFileReference; fileEncoding = 4; lastKnownFileType = sourcecode.c.objc; path = HavalChassisFactory.m; sourceTree = "<group>"; };
		1AB697711E8FB3FB009273D5 /* MiQilLinTyre.h */ = {isa = PBXFileReference; fileEncoding = 4; lastKnownFileType = sourcecode.c.h; path = MiQilLinTyre.h; sourceTree = "<group>"; };
		1AB697721E8FB3FB009273D5 /* MiQilLinTyre.m */ = {isa = PBXFileReference; fileEncoding = 4; lastKnownFileType = sourcecode.c.objc; path = MiQilLinTyre.m; sourceTree = "<group>"; };
		1AB697731E8FB3FB009273D5 /* MiQilLinTyreFactory.h */ = {isa = PBXFileReference; fileEncoding = 4; lastKnownFileType = sourcecode.c.h; path = MiQilLinTyreFactory.h; sourceTree = "<group>"; };
		1AB697741E8FB3FB009273D5 /* MiQilLinTyreFactory.m */ = {isa = PBXFileReference; fileEncoding = 4; lastKnownFileType = sourcecode.c.objc; path = MiQilLinTyreFactory.m; sourceTree = "<group>"; };
		1AB697801E8FB439009273D5 /* FactoryPatternViewController.h */ = {isa = PBXFileReference; fileEncoding = 4; lastKnownFileType = sourcecode.c.h; path = FactoryPatternViewController.h; sourceTree = "<group>"; };
		1AB697811E8FB439009273D5 /* FactoryPatternViewController.m */ = {isa = PBXFileReference; fileEncoding = 4; lastKnownFileType = sourcecode.c.objc; path = FactoryPatternViewController.m; sourceTree = "<group>"; };
		3A2B21D61E934AC200FF8B74 /* protoctypeDescrition.rtfd */ = {isa = PBXFileReference; fileEncoding = 4; lastKnownFileType = wrapper.rtfd; path = protoctypeDescrition.rtfd; sourceTree = "<group>"; };
		3A2B21D81E9350CC00FF8B74 /* PrototypePatternViewController.h */ = {isa = PBXFileReference; fileEncoding = 4; lastKnownFileType = sourcecode.c.h; path = PrototypePatternViewController.h; sourceTree = "<group>"; };
		3A2B21D91E9350CC00FF8B74 /* PrototypePatternViewController.m */ = {isa = PBXFileReference; fileEncoding = 4; lastKnownFileType = sourcecode.c.objc; path = PrototypePatternViewController.m; sourceTree = "<group>"; };
		3A2B21DC1E93516700FF8B74 /* CloneProtocol.h */ = {isa = PBXFileReference; fileEncoding = 4; lastKnownFileType = sourcecode.c.h; path = CloneProtocol.h; sourceTree = "<group>"; };
		3A2B21DE1E93520800FF8B74 /* EmailObj.h */ = {isa = PBXFileReference; fileEncoding = 4; lastKnownFileType = sourcecode.c.h; path = EmailObj.h; sourceTree = "<group>"; };
		3A2B21DF1E93520800FF8B74 /* EmailObj.m */ = {isa = PBXFileReference; fileEncoding = 4; lastKnownFileType = sourcecode.c.objc; path = EmailObj.m; sourceTree = "<group>"; };
		3A2B21E11E93525800FF8B74 /* EmailAttachment.h */ = {isa = PBXFileReference; fileEncoding = 4; lastKnownFileType = sourcecode.c.h; path = EmailAttachment.h; sourceTree = "<group>"; };
		3A2B21E21E93525800FF8B74 /* EmailAttachment.m */ = {isa = PBXFileReference; fileEncoding = 4; lastKnownFileType = sourcecode.c.objc; path = EmailAttachment.m; sourceTree = "<group>"; };
/* End PBXFileReference section */

/* Begin PBXFrameworksBuildPhase section */
		1A5B722E1E80FBCA006B7FEC /* Frameworks */ = {
			isa = PBXFrameworksBuildPhase;
			buildActionMask = 2147483647;
			files = (
			);
			runOnlyForDeploymentPostprocessing = 0;
		};
/* End PBXFrameworksBuildPhase section */

/* Begin PBXGroup section */
		1A22184D1E8F2E7300D693FB /* Doc */ = {
			isa = PBXGroup;
			children = (
				1A22184E1E8F2E7300D693FB /* CommandPatterDescription.rtfd */,
			);
			path = Doc;
			sourceTree = "<group>";
		};
		1A5B72281E80FBCA006B7FEC = {
			isa = PBXGroup;
			children = (
				1A5B72331E80FBCA006B7FEC /* DesignMode */,
				1A5B72321E80FBCA006B7FEC /* Products */,
			);
			sourceTree = "<group>";
		};
		1A5B72321E80FBCA006B7FEC /* Products */ = {
			isa = PBXGroup;
			children = (
				1A5B72311E80FBCA006B7FEC /* DesignMode.app */,
			);
			name = Products;
			sourceTree = "<group>";
		};
		1A5B72331E80FBCA006B7FEC /* DesignMode */ = {
			isa = PBXGroup;
			children = (
				1A2218521E8F39A000D693FB /* umlNote.rtfd */,
				1AB697561E8FB3FB009273D5 /* FactoryPattern */,
				3A2B21D41E934A9200FF8B74 /* PrototypePattern */,
				1A5B724C1E80FC59006B7FEC /* CommandPattern */,
				1A5B72371E80FBCA006B7FEC /* AppDelegate.h */,
				1A5B72381E80FBCA006B7FEC /* AppDelegate.m */,
				1A5B723A1E80FBCA006B7FEC /* ViewController.h */,
				1A5B723B1E80FBCA006B7FEC /* ViewController.m */,
				1A5B723D1E80FBCA006B7FEC /* Main.storyboard */,
				1A5B72401E80FBCA006B7FEC /* Assets.xcassets */,
				1A5B72421E80FBCA006B7FEC /* LaunchScreen.storyboard */,
				1A5B72451E80FBCA006B7FEC /* Info.plist */,
				1A5B72341E80FBCA006B7FEC /* Supporting Files */,
			);
			path = DesignMode;
			sourceTree = "<group>";
		};
		1A5B72341E80FBCA006B7FEC /* Supporting Files */ = {
			isa = PBXGroup;
			children = (
				1A5B72351E80FBCA006B7FEC /* main.m */,
			);
			name = "Supporting Files";
			sourceTree = "<group>";
		};
		1A5B724C1E80FC59006B7FEC /* CommandPattern */ = {
			isa = PBXGroup;
			children = (
				1A5B724F1E810195006B7FEC /* CommandPatternContainerViewController.h */,
				1A5B72501E810195006B7FEC /* CommandPatternContainerViewController.m */,
				1A22184D1E8F2E7300D693FB /* Doc */,
				1A5B725E1E811516006B7FEC /* Receiver */,
				1A5B725C1E8114D2006B7FEC /* Command */,
				1A5B725D1E8114D2006B7FEC /* Invoker */,
			);
			path = CommandPattern;
			sourceTree = "<group>";
		};
		1A5B725C1E8114D2006B7FEC /* Command */ = {
			isa = PBXGroup;
			children = (
				1A5B725B1E810EEC006B7FEC /* CommandProtocol.h */,
				1A5B72551E810B48006B7FEC /* AddLightCommand.h */,
				1A5B72561E810B48006B7FEC /* AddLightCommand.m */,
				1A5B72581E810B5A006B7FEC /* MinusLightCommand.h */,
				1A5B72591E810B5A006B7FEC /* MinusLightCommand.m */,
			);
			path = Command;
			sourceTree = "<group>";
		};
		1A5B725D1E8114D2006B7FEC /* Invoker */ = {
			isa = PBXGroup;
			children = (
				1A5B725F1E8115B5006B7FEC /* Invocker.h */,
				1A5B72601E8115B5006B7FEC /* Invocker.m */,
			);
			path = Invoker;
			sourceTree = "<group>";
		};
		1A5B725E1E811516006B7FEC /* Receiver */ = {
			isa = PBXGroup;
			children = (
				1A5B72521E8103D7006B7FEC /* Receiver.h */,
				1A5B72531E8103D7006B7FEC /* Receiver.m */,
			);
			path = Receiver;
			sourceTree = "<group>";
		};
		1AB697561E8FB3FB009273D5 /* FactoryPattern */ = {
			isa = PBXGroup;
			children = (
				1AB697801E8FB439009273D5 /* FactoryPatternViewController.h */,
				1AB697811E8FB439009273D5 /* FactoryPatternViewController.m */,
				1AB697681E8FB3FB009273D5 /* Doc */,
				1AB697571E8FB3FB009273D5 /* Abstract */,
				1AB6975D1E8FB3FB009273D5 /* ChuanqiCar */,
				1AB6976A1E8FB3FB009273D5 /* HavalCar */,
			);
			path = FactoryPattern;
			sourceTree = "<group>";
		};
		1AB697571E8FB3FB009273D5 /* Abstract */ = {
			isa = PBXGroup;
			children = (
				1AB697581E8FB3FB009273D5 /* CarFactoryProtocol.h */,
				1AB697591E8FB3FB009273D5 /* ChassisFactoryProtocol.h */,
				1AB6975A1E8FB3FB009273D5 /* ChassisProtocol.h */,
				1AB6975B1E8FB3FB009273D5 /* TyreFactoryProtocol.h */,
				1AB6975C1E8FB3FB009273D5 /* TyreProtocol.h */,
			);
			path = Abstract;
			sourceTree = "<group>";
		};
		1AB6975D1E8FB3FB009273D5 /* ChuanqiCar */ = {
			isa = PBXGroup;
			children = (
				1AB6975E1E8FB3FB009273D5 /* ChuanqiCarFactory.h */,
				1AB6975F1E8FB3FB009273D5 /* ChuanqiCarFactory.m */,
				1AB697601E8FB3FB009273D5 /* ChuanqiChassis.h */,
				1AB697611E8FB3FB009273D5 /* ChuanqiChassis.m */,
				1AB697621E8FB3FB009273D5 /* ChuanqiChassisFactory.h */,
				1AB697631E8FB3FB009273D5 /* ChuanqiChassisFactory.m */,
				1AB697641E8FB3FB009273D5 /* ChuanqiTyreFactory.h */,
				1AB697651E8FB3FB009273D5 /* ChuanqiTyreFactory.m */,
				1AB697661E8FB3FB009273D5 /* MaPaiTyre.h */,
				1AB697671E8FB3FB009273D5 /* MaPaiTyre.m */,
			);
			path = ChuanqiCar;
			sourceTree = "<group>";
		};
		1AB697681E8FB3FB009273D5 /* Doc */ = {
			isa = PBXGroup;
			children = (
				1AB697691E8FB3FB009273D5 /* factoryPattern.rtfd */,
			);
			path = Doc;
			sourceTree = "<group>";
		};
		1AB6976A1E8FB3FB009273D5 /* HavalCar */ = {
			isa = PBXGroup;
			children = (
				1AB6976B1E8FB3FB009273D5 /* HavalCarFactory.h */,
				1AB6976C1E8FB3FB009273D5 /* HavalCarFactory.m */,
				1AB6976D1E8FB3FB009273D5 /* HavalChassis.h */,
				1AB6976E1E8FB3FB009273D5 /* HavalChassis.m */,
				1AB6976F1E8FB3FB009273D5 /* HavalChassisFactory.h */,
				1AB697701E8FB3FB009273D5 /* HavalChassisFactory.m */,
				1AB697711E8FB3FB009273D5 /* MiQilLinTyre.h */,
				1AB697721E8FB3FB009273D5 /* MiQilLinTyre.m */,
				1AB697731E8FB3FB009273D5 /* MiQilLinTyreFactory.h */,
				1AB697741E8FB3FB009273D5 /* MiQilLinTyreFactory.m */,
			);
			path = HavalCar;
			sourceTree = "<group>";
		};
		3A2B21D41E934A9200FF8B74 /* PrototypePattern */ = {
			isa = PBXGroup;
			children = (
				3A2B21D51E934A9200FF8B74 /* Doc */,
				3A2B21D81E9350CC00FF8B74 /* PrototypePatternViewController.h */,
				3A2B21D91E9350CC00FF8B74 /* PrototypePatternViewController.m */,
				3A2B21DD1E9351F000FF8B74 /* Concrete */,
				3A2B21DB1E93514700FF8B74 /* Abstract */,
			);
			path = PrototypePattern;
			sourceTree = "<group>";
		};
		3A2B21D51E934A9200FF8B74 /* Doc */ = {
			isa = PBXGroup;
			children = (
				3A2B21D61E934AC200FF8B74 /* protoctypeDescrition.rtfd */,
			);
			path = Doc;
			sourceTree = "<group>";
		};
		3A2B21DB1E93514700FF8B74 /* Abstract */ = {
			isa = PBXGroup;
			children = (
				3A2B21DC1E93516700FF8B74 /* CloneProtocol.h */,
			);
			path = Abstract;
			sourceTree = "<group>";
		};
		3A2B21DD1E9351F000FF8B74 /* Concrete */ = {
			isa = PBXGroup;
			children = (
				3A2B21DE1E93520800FF8B74 /* EmailObj.h */,
				3A2B21DF1E93520800FF8B74 /* EmailObj.m */,
				3A2B21E11E93525800FF8B74 /* EmailAttachment.h */,
				3A2B21E21E93525800FF8B74 /* EmailAttachment.m */,
			);
			path = Concrete;
			sourceTree = "<group>";
		};
/* End PBXGroup section */

/* Begin PBXNativeTarget section */
		1A5B72301E80FBCA006B7FEC /* DesignMode */ = {
			isa = PBXNativeTarget;
			buildConfigurationList = 1A5B72481E80FBCA006B7FEC /* Build configuration list for PBXNativeTarget "DesignMode" */;
			buildPhases = (
				1A5B722D1E80FBCA006B7FEC /* Sources */,
				1A5B722E1E80FBCA006B7FEC /* Frameworks */,
				1A5B722F1E80FBCA006B7FEC /* Resources */,
			);
			buildRules = (
			);
			dependencies = (
			);
			name = DesignMode;
			productName = DesignMode;
			productReference = 1A5B72311E80FBCA006B7FEC /* DesignMode.app */;
			productType = "com.apple.product-type.application";
		};
/* End PBXNativeTarget section */

/* Begin PBXProject section */
		1A5B72291E80FBCA006B7FEC /* Project object */ = {
			isa = PBXProject;
			attributes = {
				LastUpgradeCheck = 0820;
				ORGANIZATIONNAME = changpengkai;
				TargetAttributes = {
					1A5B72301E80FBCA006B7FEC = {
						CreatedOnToolsVersion = 8.2.1;
						DevelopmentTeam = 93KUUP9B5K;
						ProvisioningStyle = Automatic;
					};
				};
			};
			buildConfigurationList = 1A5B722C1E80FBCA006B7FEC /* Build configuration list for PBXProject "DesignMode" */;
			compatibilityVersion = "Xcode 3.2";
			developmentRegion = English;
			hasScannedForEncodings = 0;
			knownRegions = (
				en,
				Base,
			);
			mainGroup = 1A5B72281E80FBCA006B7FEC;
			productRefGroup = 1A5B72321E80FBCA006B7FEC /* Products */;
			projectDirPath = "";
			projectRoot = "";
			targets = (
				1A5B72301E80FBCA006B7FEC /* DesignMode */,
			);
		};
/* End PBXProject section */

/* Begin PBXResourcesBuildPhase section */
		1A5B722F1E80FBCA006B7FEC /* Resources */ = {
			isa = PBXResourcesBuildPhase;
			buildActionMask = 2147483647;
			files = (
				1A2218531E8F39A000D693FB /* umlNote.rtfd in Resources */,
				1A5B72441E80FBCA006B7FEC /* LaunchScreen.storyboard in Resources */,
				3A2B21D71E934AC200FF8B74 /* protoctypeDescrition.rtfd in Resources */,
				1A5B72411E80FBCA006B7FEC /* Assets.xcassets in Resources */,
				1AB6977A1E8FB3FB009273D5 /* factoryPattern.rtfd in Resources */,
				1A22184F1E8F2E7300D693FB /* CommandPatterDescription.rtfd in Resources */,
				1A5B723F1E80FBCA006B7FEC /* Main.storyboard in Resources */,
			);
			runOnlyForDeploymentPostprocessing = 0;
		};
/* End PBXResourcesBuildPhase section */

/* Begin PBXSourcesBuildPhase section */
		1A5B722D1E80FBCA006B7FEC /* Sources */ = {
			isa = PBXSourcesBuildPhase;
			buildActionMask = 2147483647;
			files = (
				1AB697781E8FB3FB009273D5 /* ChuanqiTyreFactory.m in Sources */,
				1AB697771E8FB3FB009273D5 /* ChuanqiChassisFactory.m in Sources */,
				1AB6977D1E8FB3FB009273D5 /* HavalChassisFactory.m in Sources */,
				1AB697791E8FB3FB009273D5 /* MaPaiTyre.m in Sources */,
				1A5B72571E810B48006B7FEC /* AddLightCommand.m in Sources */,
				1AB6977B1E8FB3FB009273D5 /* HavalCarFactory.m in Sources */,
				1AB697821E8FB439009273D5 /* FactoryPatternViewController.m in Sources */,
				1A5B723C1E80FBCA006B7FEC /* ViewController.m in Sources */,
				3A2B21DA1E9350CC00FF8B74 /* PrototypePatternViewController.m in Sources */,
				3A2B21E31E93525800FF8B74 /* EmailAttachment.m in Sources */,
				1A5B72511E810195006B7FEC /* CommandPatternContainerViewController.m in Sources */,
				1A5B72391E80FBCA006B7FEC /* AppDelegate.m in Sources */,
				3A2B21E01E93520800FF8B74 /* EmailObj.m in Sources */,
				1A5B72541E8103D7006B7FEC /* Receiver.m in Sources */,
				1A5B72361E80FBCA006B7FEC /* main.m in Sources */,
				1AB6977C1E8FB3FB009273D5 /* HavalChassis.m in Sources */,
				1AB697761E8FB3FB009273D5 /* ChuanqiChassis.m in Sources */,
				1A5B72611E8115B5006B7FEC /* Invocker.m in Sources */,
				1AB697751E8FB3FB009273D5 /* ChuanqiCarFactory.m in Sources */,
				1AB6977F1E8FB3FB009273D5 /* MiQilLinTyreFactory.m in Sources */,
				1AB6977E1E8FB3FB009273D5 /* MiQilLinTyre.m in Sources */,
				1A5B725A1E810B5A006B7FEC /* MinusLightCommand.m in Sources */,
			);
			runOnlyForDeploymentPostprocessing = 0;
		};
/* End PBXSourcesBuildPhase section */

/* Begin PBXVariantGroup section */
		1A5B723D1E80FBCA006B7FEC /* Main.storyboard */ = {
			isa = PBXVariantGroup;
			children = (
				1A5B723E1E80FBCA006B7FEC /* Base */,
			);
			name = Main.storyboard;
			sourceTree = "<group>";
		};
		1A5B72421E80FBCA006B7FEC /* LaunchScreen.storyboard */ = {
			isa = PBXVariantGroup;
			children = (
				1A5B72431E80FBCA006B7FEC /* Base */,
			);
			name = LaunchScreen.storyboard;
			sourceTree = "<group>";
		};
/* End PBXVariantGroup section */

/* Begin XCBuildConfiguration section */
		1A5B72461E80FBCA006B7FEC /* Debug */ = {
			isa = XCBuildConfiguration;
			buildSettings = {
				ALWAYS_SEARCH_USER_PATHS = NO;
				CLANG_ANALYZER_NONNULL = YES;
				CLANG_CXX_LANGUAGE_STANDARD = "gnu++0x";
				CLANG_CXX_LIBRARY = "libc++";
				CLANG_ENABLE_MODULES = YES;
				CLANG_ENABLE_OBJC_ARC = YES;
				CLANG_WARN_BOOL_CONVERSION = YES;
				CLANG_WARN_CONSTANT_CONVERSION = YES;
				CLANG_WARN_DIRECT_OBJC_ISA_USAGE = YES_ERROR;
				CLANG_WARN_DOCUMENTATION_COMMENTS = YES;
				CLANG_WARN_EMPTY_BODY = YES;
				CLANG_WARN_ENUM_CONVERSION = YES;
				CLANG_WARN_INFINITE_RECURSION = YES;
				CLANG_WARN_INT_CONVERSION = YES;
				CLANG_WARN_OBJC_ROOT_CLASS = YES_ERROR;
				CLANG_WARN_SUSPICIOUS_MOVE = YES;
				CLANG_WARN_UNREACHABLE_CODE = YES;
				CLANG_WARN__DUPLICATE_METHOD_MATCH = YES;
				"CODE_SIGN_IDENTITY[sdk=iphoneos*]" = "iPhone Developer";
				COPY_PHASE_STRIP = NO;
				DEBUG_INFORMATION_FORMAT = dwarf;
				ENABLE_STRICT_OBJC_MSGSEND = YES;
				ENABLE_TESTABILITY = YES;
				GCC_C_LANGUAGE_STANDARD = gnu99;
				GCC_DYNAMIC_NO_PIC = NO;
				GCC_NO_COMMON_BLOCKS = YES;
				GCC_OPTIMIZATION_LEVEL = 0;
				GCC_PREPROCESSOR_DEFINITIONS = (
					"DEBUG=1",
					"$(inherited)",
				);
				GCC_WARN_64_TO_32_BIT_CONVERSION = YES;
				GCC_WARN_ABOUT_RETURN_TYPE = YES_ERROR;
				GCC_WARN_UNDECLARED_SELECTOR = YES;
				GCC_WARN_UNINITIALIZED_AUTOS = YES_AGGRESSIVE;
				GCC_WARN_UNUSED_FUNCTION = YES;
				GCC_WARN_UNUSED_VARIABLE = YES;
				IPHONEOS_DEPLOYMENT_TARGET = 10.2;
				MTL_ENABLE_DEBUG_INFO = YES;
				ONLY_ACTIVE_ARCH = YES;
				SDKROOT = iphoneos;
			};
			name = Debug;
		};
		1A5B72471E80FBCA006B7FEC /* Release */ = {
			isa = XCBuildConfiguration;
			buildSettings = {
				ALWAYS_SEARCH_USER_PATHS = NO;
				CLANG_ANALYZER_NONNULL = YES;
				CLANG_CXX_LANGUAGE_STANDARD = "gnu++0x";
				CLANG_CXX_LIBRARY = "libc++";
				CLANG_ENABLE_MODULES = YES;
				CLANG_ENABLE_OBJC_ARC = YES;
				CLANG_WARN_BOOL_CONVERSION = YES;
				CLANG_WARN_CONSTANT_CONVERSION = YES;
				CLANG_WARN_DIRECT_OBJC_ISA_USAGE = YES_ERROR;
				CLANG_WARN_DOCUMENTATION_COMMENTS = YES;
				CLANG_WARN_EMPTY_BODY = YES;
				CLANG_WARN_ENUM_CONVERSION = YES;
				CLANG_WARN_INFINITE_RECURSION = YES;
				CLANG_WARN_INT_CONVERSION = YES;
				CLANG_WARN_OBJC_ROOT_CLASS = YES_ERROR;
				CLANG_WARN_SUSPICIOUS_MOVE = YES;
				CLANG_WARN_UNREACHABLE_CODE = YES;
				CLANG_WARN__DUPLICATE_METHOD_MATCH = YES;
				"CODE_SIGN_IDENTITY[sdk=iphoneos*]" = "iPhone Developer";
				COPY_PHASE_STRIP = NO;
				DEBUG_INFORMATION_FORMAT = "dwarf-with-dsym";
				ENABLE_NS_ASSERTIONS = NO;
				ENABLE_STRICT_OBJC_MSGSEND = YES;
				GCC_C_LANGUAGE_STANDARD = gnu99;
				GCC_NO_COMMON_BLOCKS = YES;
				GCC_WARN_64_TO_32_BIT_CONVERSION = YES;
				GCC_WARN_ABOUT_RETURN_TYPE = YES_ERROR;
				GCC_WARN_UNDECLARED_SELECTOR = YES;
				GCC_WARN_UNINITIALIZED_AUTOS = YES_AGGRESSIVE;
				GCC_WARN_UNUSED_FUNCTION = YES;
				GCC_WARN_UNUSED_VARIABLE = YES;
				IPHONEOS_DEPLOYMENT_TARGET = 10.2;
				MTL_ENABLE_DEBUG_INFO = NO;
				SDKROOT = iphoneos;
				VALIDATE_PRODUCT = YES;
			};
			name = Release;
		};
		1A5B72491E80FBCA006B7FEC /* Debug */ = {
			isa = XCBuildConfiguration;
			buildSettings = {
				ASSETCATALOG_COMPILER_APPICON_NAME = AppIcon;
				DEVELOPMENT_TEAM = 93KUUP9B5K;
				INFOPLIST_FILE = DesignMode/Info.plist;
				LD_RUNPATH_SEARCH_PATHS = "$(inherited) @executable_path/Frameworks";
				PRODUCT_BUNDLE_IDENTIFIER = com.changpengkai.DesignMode;
				PRODUCT_NAME = "$(TARGET_NAME)";
				WARNING_CFLAGS = "-Wno-unused";
			};
			name = Debug;
		};
		1A5B724A1E80FBCA006B7FEC /* Release */ = {
			isa = XCBuildConfiguration;
			buildSettings = {
				ASSETCATALOG_COMPILER_APPICON_NAME = AppIcon;
				DEVELOPMENT_TEAM = 93KUUP9B5K;
				INFOPLIST_FILE = DesignMode/Info.plist;
				LD_RUNPATH_SEARCH_PATHS = "$(inherited) @executable_path/Frameworks";
				PRODUCT_BUNDLE_IDENTIFIER = com.changpengkai.DesignMode;
				PRODUCT_NAME = "$(TARGET_NAME)";
				WARNING_CFLAGS = "-Wno-unused";
			};
			name = Release;
		};
/* End XCBuildConfiguration section */

/* Begin XCConfigurationList section */
		1A5B722C1E80FBCA006B7FEC /* Build configuration list for PBXProject "DesignMode" */ = {
			isa = XCConfigurationList;
			buildConfigurations = (
				1A5B72461E80FBCA006B7FEC /* Debug */,
				1A5B72471E80FBCA006B7FEC /* Release */,
			);
			defaultConfigurationIsVisible = 0;
			defaultConfigurationName = Release;
		};
		1A5B72481E80FBCA006B7FEC /* Build configuration list for PBXNativeTarget "DesignMode" */ = {
			isa = XCConfigurationList;
			buildConfigurations = (
				1A5B72491E80FBCA006B7FEC /* Debug */,
				1A5B724A1E80FBCA006B7FEC /* Release */,
			);
			defaultConfigurationIsVisible = 0;
			defaultConfigurationName = Release;
		};
/* End XCConfigurationList section */
	};
	rootObject = 1A5B72291E80FBCA006B7FEC /* Project object */;
}
